// !$*UTF8*$!
{
	archiveVersion = 1;
	classes = {
	};
	objectVersion = 50;
	objects = {

/* Begin PBXBuildFile section */
		3816D19D2680DE1B001CC4AA /* AppDelegate.swift in Sources */ = {isa = PBXBuildFile; fileRef = 3816D19C2680DE1B001CC4AA /* AppDelegate.swift */; };
		3816D19F2680DE1B001CC4AA /* SceneDelegate.swift in Sources */ = {isa = PBXBuildFile; fileRef = 3816D19E2680DE1B001CC4AA /* SceneDelegate.swift */; };
		3816D1A12680DE1B001CC4AA /* ViewController.swift in Sources */ = {isa = PBXBuildFile; fileRef = 3816D1A02680DE1B001CC4AA /* ViewController.swift */; };
		3816D1A42680DE1B001CC4AA /* Main.storyboard in Resources */ = {isa = PBXBuildFile; fileRef = 3816D1A22680DE1B001CC4AA /* Main.storyboard */; };
		3816D1A62680DE1D001CC4AA /* Assets.xcassets in Resources */ = {isa = PBXBuildFile; fileRef = 3816D1A52680DE1D001CC4AA /* Assets.xcassets */; };
		3816D1A92680DE1D001CC4AA /* LaunchScreen.storyboard in Resources */ = {isa = PBXBuildFile; fileRef = 3816D1A72680DE1D001CC4AA /* LaunchScreen.storyboard */; };
/* End PBXBuildFile section */

/* Begin PBXFileReference section */
		3816D1992680DE1B001CC4AA /* webCirc.app */ = {isa = PBXFileReference; explicitFileType = wrapper.application; includeInIndex = 0; path = webCirc.app; sourceTree = BUILT_PRODUCTS_DIR; };
		3816D19C2680DE1B001CC4AA /* AppDelegate.swift */ = {isa = PBXFileReference; lastKnownFileType = sourcecode.swift; path = AppDelegate.swift; sourceTree = "<group>"; };
		3816D19E2680DE1B001CC4AA /* SceneDelegate.swift */ = {isa = PBXFileReference; lastKnownFileType = sourcecode.swift; path = SceneDelegate.swift; sourceTree = "<group>"; };
		3816D1A02680DE1B001CC4AA /* ViewController.swift */ = {isa = PBXFileReference; lastKnownFileType = sourcecode.swift; path = ViewController.swift; sourceTree = "<group>"; };
		3816D1A32680DE1B001CC4AA /* Base */ = {isa = PBXFileReference; lastKnownFileType = file.storyboard; name = Base; path = Base.lproj/Main.storyboard; sourceTree = "<group>"; };
		3816D1A52680DE1D001CC4AA /* Assets.xcassets */ = {isa = PBXFileReference; lastKnownFileType = folder.assetcatalog; path = Assets.xcassets; sourceTree = "<group>"; };
		3816D1A82680DE1D001CC4AA /* Base */ = {isa = PBXFileReference; lastKnownFileType = file.storyboard; name = Base; path = Base.lproj/LaunchScreen.storyboard; sourceTree = "<group>"; };
		3816D1AA2680DE1D001CC4AA /* Info.plist */ = {isa = PBXFileReference; lastKnownFileType = text.plist.xml; path = Info.plist; sourceTree = "<group>"; };
/* End PBXFileReference section */

/* Begin PBXFrameworksBuildPhase section */
		3816D1962680DE1B001CC4AA /* Frameworks */ = {
			isa = PBXFrameworksBuildPhase;
			buildActionMask = 2147483647;
			files = (
			);
			runOnlyForDeploymentPostprocessing = 0;
		};
/* End PBXFrameworksBuildPhase section */

/* Begin PBXGroup section */
		3816D1902680DE1B001CC4AA = {
			isa = PBXGroup;
			children = (
				3816D19B2680DE1B001CC4AA /* webCirc */,
				3816D19A2680DE1B001CC4AA /* Products */,
			);
			sourceTree = "<group>";
		};
		3816D19A2680DE1B001CC4AA /* Products */ = {
			isa = PBXGroup;
			children = (
				3816D1992680DE1B001CC4AA /* webCirc.app */,
			);
			name = Products;
			sourceTree = "<group>";
		};
		3816D19B2680DE1B001CC4AA /* webCirc */ = {
			isa = PBXGroup;
			children = (
				3816D19C2680DE1B001CC4AA /* AppDelegate.swift */,
				3816D19E2680DE1B001CC4AA /* SceneDelegate.swift */,
				3816D1A02680DE1B001CC4AA /* ViewController.swift */,
				3816D1A22680DE1B001CC4AA /* Main.storyboard */,
				3816D1A52680DE1D001CC4AA /* Assets.xcassets */,
				3816D1A72680DE1D001CC4AA /* LaunchScreen.storyboard */,
				3816D1AA2680DE1D001CC4AA /* Info.plist */,
			);
			path = webCirc;
			sourceTree = "<group>";
		};
/* End PBXGroup section */

/* Begin PBXNativeTarget section */
		3816D1982680DE1B001CC4AA /* webCirc */ = {
			isa = PBXNativeTarget;
			buildConfigurationList = 3816D1AD2680DE1D001CC4AA /* Build configuration list for PBXNativeTarget "webCirc" */;
			buildPhases = (
				3816D1952680DE1B001CC4AA /* Sources */,
				3816D1962680DE1B001CC4AA /* Frameworks */,
				3816D1972680DE1B001CC4AA /* Resources */,
			);
			buildRules = (
			);
			dependencies = (
			);
			name = webCirc;
			productName = webCirc;
			productReference = 3816D1992680DE1B001CC4AA /* webCirc.app */;
			productType = "com.apple.product-type.application";
		};
/* End PBXNativeTarget section */

/* Begin PBXProject section */
		3816D1912680DE1B001CC4AA /* Project object */ = {
			isa = PBXProject;
			attributes = {
				LastSwiftUpdateCheck = 1250;
				LastUpgradeCheck = 1250;
				TargetAttributes = {
					3816D1982680DE1B001CC4AA = {
						CreatedOnToolsVersion = 12.5;
					};
				};
			};
			buildConfigurationList = 3816D1942680DE1B001CC4AA /* Build configuration list for PBXProject "webCirc" */;
			compatibilityVersion = "Xcode 9.3";
			developmentRegion = en;
			hasScannedForEncodings = 0;
			knownRegions = (
				en,
				Base,
			);
			mainGroup = 3816D1902680DE1B001CC4AA;
			productRefGroup = 3816D19A2680DE1B001CC4AA /* Products */;
			projectDirPath = "";
			projectRoot = "";
			targets = (
				3816D1982680DE1B001CC4AA /* webCirc */,
			);
		};
/* End PBXProject section */

/* Begin PBXResourcesBuildPhase section */
		3816D1972680DE1B001CC4AA /* Resources */ = {
			isa = PBXResourcesBuildPhase;
			buildActionMask = 2147483647;
			files = (
				3816D1A92680DE1D001CC4AA /* LaunchScreen.storyboard in Resources */,
				3816D1A62680DE1D001CC4AA /* Assets.xcassets in Resources */,
				3816D1A42680DE1B001CC4AA /* Main.storyboard in Resources */,
			);
			runOnlyForDeploymentPostprocessing = 0;
		};
/* End PBXResourcesBuildPhase section */

/* Begin PBXSourcesBuildPhase section */
		3816D1952680DE1B001CC4AA /* Sources */ = {
			isa = PBXSourcesBuildPhase;
			buildActionMask = 2147483647;
			files = (
				3816D1A12680DE1B001CC4AA /* ViewController.swift in Sources */,
				3816D19D2680DE1B001CC4AA /* AppDelegate.swift in Sources */,
				3816D19F2680DE1B001CC4AA /* SceneDelegate.swift in Sources */,
			);
			runOnlyForDeploymentPostprocessing = 0;
		};
/* End PBXSourcesBuildPhase section */

/* Begin PBXVariantGroup section */
		3816D1A22680DE1B001CC4AA /* Main.storyboard */ = {
			isa = PBXVariantGroup;
			children = (
				3816D1A32680DE1B001CC4AA /* Base */,
			);
			name = Main.storyboard;
			sourceTree = "<group>";
		};
		3816D1A72680DE1D001CC4AA /* LaunchScreen.storyboard */ = {
			isa = PBXVariantGroup;
			children = (
				3816D1A82680DE1D001CC4AA /* Base */,
			);
			name = LaunchScreen.storyboard;
			sourceTree = "<group>";
		};
/* End PBXVariantGroup section */

/* Begin XCBuildConfiguration section */
		3816D1AB2680DE1D001CC4AA /* Debug */ = {
			isa = XCBuildConfiguration;
			buildSettings = {
				ALWAYS_SEARCH_USER_PATHS = NO;
				CLANG_ANALYZER_NONNULL = YES;
				CLANG_ANALYZER_NUMBER_OBJECT_CONVERSION = YES_AGGRESSIVE;
				CLANG_CXX_LANGUAGE_STANDARD = "gnu++14";
				CLANG_CXX_LIBRARY = "libc++";
				CLANG_ENABLE_MODULES = YES;
				CLANG_ENABLE_OBJC_ARC = YES;
				CLANG_ENABLE_OBJC_WEAK = YES;
				CLANG_WARN_BLOCK_CAPTURE_AUTORELEASING = YES;
				CLANG_WARN_BOOL_CONVERSION = YES;
				CLANG_WARN_COMMA = YES;
				CLANG_WARN_CONSTANT_CONVERSION = YES;
				CLANG_WARN_DEPRECATED_OBJC_IMPLEMENTATIONS = YES;
				CLANG_WARN_DIRECT_OBJC_ISA_USAGE = YES_ERROR;
				CLANG_WARN_DOCUMENTATION_COMMENTS = YES;
				CLANG_WARN_EMPTY_BODY = YES;
				CLANG_WARN_ENUM_CONVERSION = YES;
				CLANG_WARN_INFINITE_RECURSION = YES;
				CLANG_WARN_INT_CONVERSION = YES;
				CLANG_WARN_NON_LITERAL_NULL_CONVERSION = YES;
				CLANG_WARN_OBJC_IMPLICIT_RETAIN_SELF = YES;
				CLANG_WARN_OBJC_LITERAL_CONVERSION = YES;
				CLANG_WARN_OBJC_ROOT_CLASS = YES_ERROR;
				CLANG_WARN_QUOTED_INCLUDE_IN_FRAMEWORK_HEADER = YES;
				CLANG_WARN_RANGE_LOOP_ANALYSIS = YES;
				CLANG_WARN_STRICT_PROTOTYPES = YES;
				CLANG_WARN_SUSPICIOUS_MOVE = YES;
				CLANG_WARN_UNGUARDED_AVAILABILITY = YES_AGGRESSIVE;
				CLANG_WARN_UNREACHABLE_CODE = YES;
				CLANG_WARN__DUPLICATE_METHOD_MATCH = YES;
				COPY_PHASE_STRIP = NO;
				DEBUG_INFORMATION_FORMAT = dwarf;
				ENABLE_STRICT_OBJC_MSGSEND = YES;
				ENABLE_TESTABILITY = YES;
				GCC_C_LANGUAGE_STANDARD = gnu11;
				GCC_DYNAMIC_NO_PIC = NO;
				GCC_NO_COMMON_BLOCKS = YES;
				GCC_OPTIMIZATION_LEVEL = 0;
				GCC_PREPROCESSOR_DEFINITIONS = (
					"DEBUG=1",
					"$(inherited)",
				);
				GCC_WARN_64_TO_32_BIT_CONVERSION = YES;
				GCC_WARN_ABOUT_RETURN_TYPE = YES_ERROR;
				GCC_WARN_UNDECLARED_SELECTOR = YES;
				GCC_WARN_UNINITIALIZED_AUTOS = YES_AGGRESSIVE;
				GCC_WARN_UNUSED_FUNCTION = YES;
				GCC_WARN_UNUSED_VARIABLE = YES;
				IPHONEOS_DEPLOYMENT_TARGET = 14.5;
				MTL_ENABLE_DEBUG_INFO = INCLUDE_SOURCE;
				MTL_FAST_MATH = YES;
				ONLY_ACTIVE_ARCH = YES;
				SDKROOT = iphoneos;
				SWIFT_ACTIVE_COMPILATION_CONDITIONS = DEBUG;
				SWIFT_OPTIMIZATION_LEVEL = "-Onone";
			};
			name = Debug;
		};
		3816D1AC2680DE1D001CC4AA /* Release */ = {
			isa = XCBuildConfiguration;
			buildSettings = {
				ALWAYS_SEARCH_USER_PATHS = NO;
				CLANG_ANALYZER_NONNULL = YES;
				CLANG_ANALYZER_NUMBER_OBJECT_CONVERSION = YES_AGGRESSIVE;
				CLANG_CXX_LANGUAGE_STANDARD = "gnu++14";
				CLANG_CXX_LIBRARY = "libc++";
				CLANG_ENABLE_MODULES = YES;
				CLANG_ENABLE_OBJC_ARC = YES;
				CLANG_ENABLE_OBJC_WEAK = YES;
				CLANG_WARN_BLOCK_CAPTURE_AUTORELEASING = YES;
				CLANG_WARN_BOOL_CONVERSION = YES;
				CLANG_WARN_COMMA = YES;
				CLANG_WARN_CONSTANT_CONVERSION = YES;
				CLANG_WARN_DEPRECATED_OBJC_IMPLEMENTATIONS = YES;
				CLANG_WARN_DIRECT_OBJC_ISA_USAGE = YES_ERROR;
				CLANG_WARN_DOCUMENTATION_COMMENTS = YES;
				CLANG_WARN_EMPTY_BODY = YES;
				CLANG_WARN_ENUM_CONVERSION = YES;
				CLANG_WARN_INFINITE_RECURSION = YES;
				CLANG_WARN_INT_CONVERSION = YES;
				CLANG_WARN_NON_LITERAL_NULL_CONVERSION = YES;
				CLANG_WARN_OBJC_IMPLICIT_RETAIN_SELF = YES;
				CLANG_WARN_OBJC_LITERAL_CONVERSION = YES;
				CLANG_WARN_OBJC_ROOT_CLASS = YES_ERROR;
				CLANG_WARN_QUOTED_INCLUDE_IN_FRAMEWORK_HEADER = YES;
				CLANG_WARN_RANGE_LOOP_ANALYSIS = YES;
				CLANG_WARN_STRICT_PROTOTYPES = YES;
				CLANG_WARN_SUSPICIOUS_MOVE = YES;
				CLANG_WARN_UNGUARDED_AVAILABILITY = YES_AGGRESSIVE;
				CLANG_WARN_UNREACHABLE_CODE = YES;
				CLANG_WARN__DUPLICATE_METHOD_MATCH = YES;
				COPY_PHASE_STRIP = NO;
				DEBUG_INFORMATION_FORMAT = "dwarf-with-dsym";
				ENABLE_NS_ASSERTIONS = NO;
				ENABLE_STRICT_OBJC_MSGSEND = YES;
				GCC_C_LANGUAGE_STANDARD = gnu11;
				GCC_NO_COMMON_BLOCKS = YES;
				GCC_WARN_64_TO_32_BIT_CONVERSION = YES;
				GCC_WARN_ABOUT_RETURN_TYPE = YES_ERROR;
				GCC_WARN_UNDECLARED_SELECTOR = YES;
				GCC_WARN_UNINITIALIZED_AUTOS = YES_AGGRESSIVE;
				GCC_WARN_UNUSED_FUNCTION = YES;
				GCC_WARN_UNUSED_VARIABLE = YES;
				IPHONEOS_DEPLOYMENT_TARGET = 14.5;
				MTL_ENABLE_DEBUG_INFO = NO;
				MTL_FAST_MATH = YES;
				SDKROOT = iphoneos;
				SWIFT_COMPILATION_MODE = wholemodule;
				SWIFT_OPTIMIZATION_LEVEL = "-O";
				VALIDATE_PRODUCT = YES;
			};
			name = Release;
		};
		3816D1AE2680DE1D001CC4AA /* Debug */ = {
			isa = XCBuildConfiguration;
			buildSettings = {
				ASSETCATALOG_COMPILER_APPICON_NAME = AppIcon;
				ASSETCATALOG_COMPILER_GLOBAL_ACCENT_COLOR_NAME = AccentColor;
				CODE_SIGN_STYLE = Automatic;
				DEVELOPMENT_TEAM = 3F4VYPTW2T;
				INFOPLIST_FILE = webCirc/Info.plist;
				LD_RUNPATH_SEARCH_PATHS = (
					"$(inherited)",
					"@executable_path/Frameworks",
				);
				PRODUCT_BUNDLE_IDENTIFIER = sandyjameslord.webCirc;
				PRODUCT_NAME = "$(TARGET_NAME)";
				SWIFT_VERSION = 5.0;
				TARGETED_DEVICE_FAMILY = "1,2";
			};
			name = Debug;
		};
		3816D1AF2680DE1D001CC4AA /* Release */ = {
			isa = XCBuildConfiguration;
			buildSettings = {
				ASSETCATALOG_COMPILER_APPICON_NAME = AppIcon;
				ASSETCATALOG_COMPILER_GLOBAL_ACCENT_COLOR_NAME = AccentColor;
				CODE_SIGN_STYLE = Automatic;
				DEVELOPMENT_TEAM = 3F4VYPTW2T;
				INFOPLIST_FILE = webCirc/Info.plist;
				LD_RUNPATH_SEARCH_PATHS = (
					"$(inherited)",
					"@executable_path/Frameworks",
				);
				PRODUCT_BUNDLE_IDENTIFIER = sandyjameslord.webCirc;
				PRODUCT_NAME = "$(TARGET_NAME)";
				SWIFT_VERSION = 5.0;
				TARGETED_DEVICE_FAMILY = "1,2";
			};
			name = Release;
		};
/* End XCBuildConfiguration section */

/* Begin XCConfigurationList section */
		3816D1942680DE1B001CC4AA /* Build configuration list for PBXProject "webCirc" */ = {
			isa = XCConfigurationList;
			buildConfigurations = (
				3816D1AB2680DE1D001CC4AA /* Debug */,
				3816D1AC2680DE1D001CC4AA /* Release */,
			);
			defaultConfigurationIsVisible = 0;
			defaultConfigurationName = Release;
		};
		3816D1AD2680DE1D001CC4AA /* Build configuration list for PBXNativeTarget "webCirc" */ = {
			isa = XCConfigurationList;
			buildConfigurations = (
				3816D1AE2680DE1D001CC4AA /* Debug */,
				3816D1AF2680DE1D001CC4AA /* Release */,
			);
			defaultConfigurationIsVisible = 0;
			defaultConfigurationName = Release;
		};
/* End XCConfigurationList section */
	};
	rootObject = 3816D1912680DE1B001CC4AA /* Project object */;
}
